
Microsoft Visual Studio Solution File, Format Version 12.00
Project("{FAE04EC0-301F-11D3-BF4B-00C04F79EFBC}") = "Lesson1", "Lesson1\Lesson1.csproj", "{6C911B13-8B01-49BE-993F-2643E987521D}"
EndProject
Project("{FAE04EC0-301F-11D3-BF4B-00C04F79EFBC}") = "Lesson2", "Lesson2\Lesson2.csproj", "{71A56714-B97E-42FC-BF6F-1985E6103493}"
EndProject
Project("{FAE04EC0-301F-11D3-BF4B-00C04F79EFBC}") = "Lesson3", "Lesson3\Lesson3.csproj", "{1F0AA588-3852-4809-9D52-ECAA92E54B72}"
EndProject
Project("{FAE04EC0-301F-11D3-BF4B-00C04F79EFBC}") = "Lesson4", "Lesson4\Lesson4.csproj", "{517541F7-4DB6-425F-BFC4-AA0EB7AD7868}"
EndProject
Project("{FAE04EC0-301F-11D3-BF4B-00C04F79EFBC}") = "Lesson5", "Lesson5\Lesson5.csproj", "{F85995DF-450F-471D-BB04-3FFFBF49783A}"
EndProject
Project("{FAE04EC0-301F-11D3-BF4B-00C04F79EFBC}") = "Lesson6", "Lesson6\Lesson6.csproj", "{DDD73C4F-C5B9-4689-ACFD-CAD6505A5554}"
EndProject
Project("{FAE04EC0-301F-11D3-BF4B-00C04F79EFBC}") = "Lesson7", "Lesson7\Lesson7.csproj", "{C27A8EE1-CD43-45ED-A664-C7A57F0FF7E7}"
EndProject
Project("{FAE04EC0-301F-11D3-BF4B-00C04F79EFBC}") = "Lesson8", "Lesson8\Lesson8.csproj", "{E3599107-AFBF-468D-BDD9-2ABE362A4D2B}"
EndProject
Project("{FAE04EC0-301F-11D3-BF4B-00C04F79EFBC}") = "Lesson9", "Lesson9\Lesson9.csproj", "{A50AE07B-4F7F-485E-B28D-7AC72AF8C0B5}"
EndProject
Project("{FAE04EC0-301F-11D3-BF4B-00C04F79EFBC}") = "Lesson10", "Lesson10\Lesson10.csproj", "{DD1B45D8-0058-45EF-B43C-797BD5E4A7CB}"
EndProject
Project("{FAE04EC0-301F-11D3-BF4B-00C04F79EFBC}") = "Lesson11", "Lesson11\Lesson11.csproj", "{8515A6C4-AB4D-45F5-AA32-807BFA12E7EA}"
EndProject
Project("{FAE04EC0-301F-11D3-BF4B-00C04F79EFBC}") = "Lesson12", "Lesson12\Lesson12.csproj", "{80AB89B5-3E6F-440F-8AC7-7B4694A34FC4}"
EndProject
Project("{FAE04EC0-301F-11D3-BF4B-00C04F79EFBC}") = "Lesson13", "Lesson13\Lesson13.csproj", "{4B012CB4-DFF3-41EA-A8E4-555746AD54E0}"
EndProject
Project("{FAE04EC0-301F-11D3-BF4B-00C04F79EFBC}") = "Lesson14", "Lesson14\Lesson14.csproj", "{CCC9D4DE-AC1E-43A4-8525-65B3E512B7C2}"
EndProject
Project("{FAE04EC0-301F-11D3-BF4B-00C04F79EFBC}") = "Lesson15", "Lesson15\Lesson15.csproj", "{6D56A01D-6AC0-47A9-B40D-5527D5801393}"
EndProject
Project("{FAE04EC0-301F-11D3-BF4B-00C04F79EFBC}") = "Lesson16", "Lesson16\Lesson16.csproj", "{0D5144B6-307E-4F65-A2FA-F8B4B615AB80}"
EndProject
Project("{FAE04EC0-301F-11D3-BF4B-00C04F79EFBC}") = "Exam1", "Exam1\Exam1.csproj", "{EFFA2726-06DA-4DB6-B19F-C3066B150D4F}"
EndProject
Global
	GlobalSection(SolutionConfigurationPlatforms) = preSolution
		Debug|Any CPU = Debug|Any CPU
		Release|Any CPU = Release|Any CPU
	EndGlobalSection
	GlobalSection(ProjectConfigurationPlatforms) = postSolution
		{6C911B13-8B01-49BE-993F-2643E987521D}.Debug|Any CPU.ActiveCfg = Debug|Any CPU
		{6C911B13-8B01-49BE-993F-2643E987521D}.Debug|Any CPU.Build.0 = Debug|Any CPU
		{6C911B13-8B01-49BE-993F-2643E987521D}.Release|Any CPU.ActiveCfg = Release|Any CPU
		{6C911B13-8B01-49BE-993F-2643E987521D}.Release|Any CPU.Build.0 = Release|Any CPU
		{71A56714-B97E-42FC-BF6F-1985E6103493}.Debug|Any CPU.ActiveCfg = Debug|Any CPU
		{71A56714-B97E-42FC-BF6F-1985E6103493}.Debug|Any CPU.Build.0 = Debug|Any CPU
		{71A56714-B97E-42FC-BF6F-1985E6103493}.Release|Any CPU.ActiveCfg = Release|Any CPU
		{71A56714-B97E-42FC-BF6F-1985E6103493}.Release|Any CPU.Build.0 = Release|Any CPU
		{1F0AA588-3852-4809-9D52-ECAA92E54B72}.Debug|Any CPU.ActiveCfg = Debug|Any CPU
		{1F0AA588-3852-4809-9D52-ECAA92E54B72}.Debug|Any CPU.Build.0 = Debug|Any CPU
		{1F0AA588-3852-4809-9D52-ECAA92E54B72}.Release|Any CPU.ActiveCfg = Release|Any CPU
		{1F0AA588-3852-4809-9D52-ECAA92E54B72}.Release|Any CPU.Build.0 = Release|Any CPU
		{517541F7-4DB6-425F-BFC4-AA0EB7AD7868}.Debug|Any CPU.ActiveCfg = Debug|Any CPU
		{517541F7-4DB6-425F-BFC4-AA0EB7AD7868}.Debug|Any CPU.Build.0 = Debug|Any CPU
		{517541F7-4DB6-425F-BFC4-AA0EB7AD7868}.Release|Any CPU.ActiveCfg = Release|Any CPU
		{517541F7-4DB6-425F-BFC4-AA0EB7AD7868}.Release|Any CPU.Build.0 = Release|Any CPU
		{F85995DF-450F-471D-BB04-3FFFBF49783A}.Debug|Any CPU.ActiveCfg = Debug|Any CPU
		{F85995DF-450F-471D-BB04-3FFFBF49783A}.Debug|Any CPU.Build.0 = Debug|Any CPU
		{F85995DF-450F-471D-BB04-3FFFBF49783A}.Release|Any CPU.ActiveCfg = Release|Any CPU
		{F85995DF-450F-471D-BB04-3FFFBF49783A}.Release|Any CPU.Build.0 = Release|Any CPU
		{DDD73C4F-C5B9-4689-ACFD-CAD6505A5554}.Debug|Any CPU.ActiveCfg = Debug|Any CPU
		{DDD73C4F-C5B9-4689-ACFD-CAD6505A5554}.Debug|Any CPU.Build.0 = Debug|Any CPU
		{DDD73C4F-C5B9-4689-ACFD-CAD6505A5554}.Release|Any CPU.ActiveCfg = Release|Any CPU
		{DDD73C4F-C5B9-4689-ACFD-CAD6505A5554}.Release|Any CPU.Build.0 = Release|Any CPU
		{C27A8EE1-CD43-45ED-A664-C7A57F0FF7E7}.Debug|Any CPU.ActiveCfg = Debug|Any CPU
		{C27A8EE1-CD43-45ED-A664-C7A57F0FF7E7}.Debug|Any CPU.Build.0 = Debug|Any CPU
		{C27A8EE1-CD43-45ED-A664-C7A57F0FF7E7}.Release|Any CPU.ActiveCfg = Release|Any CPU
		{C27A8EE1-CD43-45ED-A664-C7A57F0FF7E7}.Release|Any CPU.Build.0 = Release|Any CPU
		{E3599107-AFBF-468D-BDD9-2ABE362A4D2B}.Debug|Any CPU.ActiveCfg = Debug|Any CPU
		{E3599107-AFBF-468D-BDD9-2ABE362A4D2B}.Debug|Any CPU.Build.0 = Debug|Any CPU
		{E3599107-AFBF-468D-BDD9-2ABE362A4D2B}.Release|Any CPU.ActiveCfg = Release|Any CPU
		{E3599107-AFBF-468D-BDD9-2ABE362A4D2B}.Release|Any CPU.Build.0 = Release|Any CPU
		{A50AE07B-4F7F-485E-B28D-7AC72AF8C0B5}.Debug|Any CPU.ActiveCfg = Debug|Any CPU
		{A50AE07B-4F7F-485E-B28D-7AC72AF8C0B5}.Debug|Any CPU.Build.0 = Debug|Any CPU
		{A50AE07B-4F7F-485E-B28D-7AC72AF8C0B5}.Release|Any CPU.ActiveCfg = Release|Any CPU
		{A50AE07B-4F7F-485E-B28D-7AC72AF8C0B5}.Release|Any CPU.Build.0 = Release|Any CPU
		{DD1B45D8-0058-45EF-B43C-797BD5E4A7CB}.Debug|Any CPU.ActiveCfg = Debug|Any CPU
		{DD1B45D8-0058-45EF-B43C-797BD5E4A7CB}.Debug|Any CPU.Build.0 = Debug|Any CPU
		{DD1B45D8-0058-45EF-B43C-797BD5E4A7CB}.Release|Any CPU.ActiveCfg = Release|Any CPU
		{DD1B45D8-0058-45EF-B43C-797BD5E4A7CB}.Release|Any CPU.Build.0 = Release|Any CPU
		{8515A6C4-AB4D-45F5-AA32-807BFA12E7EA}.Debug|Any CPU.ActiveCfg = Debug|Any CPU
		{8515A6C4-AB4D-45F5-AA32-807BFA12E7EA}.Debug|Any CPU.Build.0 = Debug|Any CPU
		{8515A6C4-AB4D-45F5-AA32-807BFA12E7EA}.Release|Any CPU.ActiveCfg = Release|Any CPU
		{8515A6C4-AB4D-45F5-AA32-807BFA12E7EA}.Release|Any CPU.Build.0 = Release|Any CPU
		{80AB89B5-3E6F-440F-8AC7-7B4694A34FC4}.Debug|Any CPU.ActiveCfg = Debug|Any CPU
		{80AB89B5-3E6F-440F-8AC7-7B4694A34FC4}.Debug|Any CPU.Build.0 = Debug|Any CPU
		{80AB89B5-3E6F-440F-8AC7-7B4694A34FC4}.Release|Any CPU.ActiveCfg = Release|Any CPU
		{80AB89B5-3E6F-440F-8AC7-7B4694A34FC4}.Release|Any CPU.Build.0 = Release|Any CPU
		{4B012CB4-DFF3-41EA-A8E4-555746AD54E0}.Debug|Any CPU.ActiveCfg = Debug|Any CPU
		{4B012CB4-DFF3-41EA-A8E4-555746AD54E0}.Debug|Any CPU.Build.0 = Debug|Any CPU
		{4B012CB4-DFF3-41EA-A8E4-555746AD54E0}.Release|Any CPU.ActiveCfg = Release|Any CPU
		{4B012CB4-DFF3-41EA-A8E4-555746AD54E0}.Release|Any CPU.Build.0 = Release|Any CPU
		{CCC9D4DE-AC1E-43A4-8525-65B3E512B7C2}.Debug|Any CPU.ActiveCfg = Debug|Any CPU
		{CCC9D4DE-AC1E-43A4-8525-65B3E512B7C2}.Debug|Any CPU.Build.0 = Debug|Any CPU
		{CCC9D4DE-AC1E-43A4-8525-65B3E512B7C2}.Release|Any CPU.ActiveCfg = Release|Any CPU
		{CCC9D4DE-AC1E-43A4-8525-65B3E512B7C2}.Release|Any CPU.Build.0 = Release|Any CPU
		{6D56A01D-6AC0-47A9-B40D-5527D5801393}.Debug|Any CPU.ActiveCfg = Debug|Any CPU
		{6D56A01D-6AC0-47A9-B40D-5527D5801393}.Debug|Any CPU.Build.0 = Debug|Any CPU
		{6D56A01D-6AC0-47A9-B40D-5527D5801393}.Release|Any CPU.ActiveCfg = Release|Any CPU
		{6D56A01D-6AC0-47A9-B40D-5527D5801393}.Release|Any CPU.Build.0 = Release|Any CPU
		{0D5144B6-307E-4F65-A2FA-F8B4B615AB80}.Debug|Any CPU.ActiveCfg = Debug|Any CPU
		{0D5144B6-307E-4F65-A2FA-F8B4B615AB80}.Debug|Any CPU.Build.0 = Debug|Any CPU
		{0D5144B6-307E-4F65-A2FA-F8B4B615AB80}.Release|Any CPU.ActiveCfg = Release|Any CPU
		{0D5144B6-307E-4F65-A2FA-F8B4B615AB80}.Release|Any CPU.Build.0 = Release|Any CPU
		{EFFA2726-06DA-4DB6-B19F-C3066B150D4F}.Debug|Any CPU.ActiveCfg = Debug|Any CPU
		{EFFA2726-06DA-4DB6-B19F-C3066B150D4F}.Debug|Any CPU.Build.0 = Debug|Any CPU
		{EFFA2726-06DA-4DB6-B19F-C3066B150D4F}.Release|Any CPU.ActiveCfg = Release|Any CPU
		{EFFA2726-06DA-4DB6-B19F-C3066B150D4F}.Release|Any CPU.Build.0 = Release|Any CPU
	EndGlobalSection
EndGlobal
